{
  "version": 4,
  "terraform_version": "1.10.4",
  "serial": 6,
  "lineage": "2733bd92-de6f-545e-bef2-82d64d83a538",
  "outputs": {},
  "resources": [
    {
      "mode": "managed",
      "type": "google_container_cluster",
      "name": "mlprod-cluster",
      "provider": "provider[\"registry.terraform.io/hashicorp/google\"]",
      "instances": [
        {
          "schema_version": 1,
          "attributes": {
            "addons_config": [
              {
                "cloudrun_config": [],
                "config_connector_config": [],
                "dns_cache_config": [],
                "gce_persistent_disk_csi_driver_config": [
                  {
                    "enabled": true
                  }
                ],
                "gcp_filestore_csi_driver_config": [],
                "gcs_fuse_csi_driver_config": [],
                "gke_backup_agent_config": [],
                "horizontal_pod_autoscaling": [],
                "http_load_balancing": [],
                "network_policy_config": [
                  {
                    "disabled": true
                  }
                ]
              }
            ],
            "allow_net_admin": null,
            "authenticator_groups_config": [],
            "binary_authorization": [
              {
                "enabled": false,
                "evaluation_mode": ""
              }
            ],
            "cluster_autoscaling": [
              {
                "auto_provisioning_defaults": [],
                "enabled": false,
                "resource_limits": []
              }
            ],
            "cluster_ipv4_cidr": "10.48.0.0/14",
            "confidential_nodes": [],
            "cost_management_config": [],
            "database_encryption": [
              {
                "key_name": "",
                "state": "DECRYPTED"
              }
            ],
            "datapath_provider": "",
            "default_max_pods_per_node": null,
            "default_snat_status": [
              {
                "disabled": false
              }
            ],
            "description": "",
            "dns_config": [],
            "enable_autopilot": false,
            "enable_binary_authorization": false,
            "enable_intranode_visibility": false,
            "enable_k8s_beta_apis": [],
            "enable_kubernetes_alpha": false,
            "enable_l4_ilb_subsetting": false,
            "enable_legacy_abac": false,
            "enable_shielded_nodes": true,
            "enable_tpu": false,
            "endpoint": "34.126.123.43",
            "gateway_api_config": [],
            "id": "projects/healthy-result-407107/locations/asia-southeast1-b/clusters/healthy-result-407107-mlprod-gke",
            "initial_node_count": 1,
            "ip_allocation_policy": [],
            "label_fingerprint": "a9dc16a7",
            "location": "asia-southeast1-b",
            "logging_config": [
              {
                "enable_components": [
                  "SYSTEM_COMPONENTS",
                  "WORKLOADS"
                ]
              }
            ],
            "logging_service": "logging.googleapis.com/kubernetes",
            "maintenance_policy": [],
            "master_auth": [
              {
                "client_certificate": "",
                "client_certificate_config": [
                  {
                    "issue_client_certificate": false
                  }
                ],
                "client_key": "",
                "cluster_ca_certificate": "LS0tLS1CRUdJTiBDRVJUSUZJQ0FURS0tLS0tCk1JSUVMRENDQXBTZ0F3SUJBZ0lRTklxRzVuUm93eUR3RmgyMVQ3QmdjREFOQmdrcWhraUc5dzBCQVFzRkFEQXYKTVMwd0t3WURWUVFERXlRMU9ESmtZVGsxTUMwMFpqVXdMVFE0WXpBdE9EUTBNeTAzWXpNNE1qWmlNbUZqTmpVdwpJQmNOTWpVd01URTBNVE15TURRNFdoZ1BNakExTlRBeE1EY3hOREl3TkRoYU1DOHhMVEFyQmdOVkJBTVRKRFU0Ck1tUmhPVFV3TFRSbU5UQXRORGhqTUMwNE5EUXpMVGRqTXpneU5tSXlZV00yTlRDQ0FhSXdEUVlKS29aSWh2Y04KQVFFQkJRQURnZ0dQQURDQ0FZb0NnZ0dCQU0waEh6NWI0NXlaODNnTFEzN3EwN2Jnb0RzZlFIK3BVTm5rK0xSRApIWDBaRHhkSDNiWm9tWjBiK1pIQzZ2RHBPZE5QNms0Y0VhN214TE9nWWgxWnA2SEJ0MklDK29TQUxSOFNiR0dtCkFleGFKbGlGTnVkVHlpbjVZbk1TYjNNT2FMUXp3TFZZY2UzTDhSMnF3SmNiaFIwRnVDaC9LRDVnSWYyZzZCQ1MKdTduQmxZVUFZTXhOMTF4eGlWWTVEdWg5MjB1ZU01eWJMbloxUGVhZlFlTlNJYnRmMXFOQjl4UUlFTmt6OGhWQgo4VVN6d29MejdCMDhwdEVXZm85bUV5azNidERZZitHQ2IxV1FkbzRFaHBzZ01EdUJUZFQzcmNJNGhXakcvNy94CjR1aHluaDlrZVVUbmJQSzY5WlpFVW13bk5XdjlkZElOZEd6TlFpSzJheVNPR2s3NVNQa0l3VjM3dGZJRCthZlQKVUE3dTZMM04vUWoxTlZNQUc3dy80aDBIU25PT2tRcWJuZ2dXVXluZkpwMlRJN3dZMUpPc2xtL2kzc3gwZ1FseQo4TDJzRWZ0ZXYyOFE3clMvNndydjR2YXB6MGJpRFp2WmJwWlRMSXpRalNiZ0h4aEIxSHVlMkZhNUQ1ZHduVmg1Cmc1SUtzMVIvbk5HbjVxczBvWE5rbE9hSlZ3SURBUUFCbzBJd1FEQU9CZ05WSFE4QkFmOEVCQU1DQWdRd0R3WUQKVlIwVEFRSC9CQVV3QXdFQi96QWRCZ05WSFE0RUZnUVVtWGhhV0lKTHR3VnM3SG1Odmc0M1RUNW5BN2N3RFFZSgpLb1pJaHZjTkFRRUxCUUFEZ2dHQkFCS2FkVngvOGJzK1IwdXpmQXlsdG1raE9JVkJUVlNHcDJDV2FzQXh5RTExCnlzb2RFR2dYTTJwSXYxbXBtRFYwMWZRZ0t6K3pEdGNzam8wVE9rOEd5ei9MNXgyZUZKaXJGNGszNEZlZ0N2SGcKMmxvQUhFOFVidXhKV3dnTkVnQSt0M2NjVHA5QUJXd3F1MmpCdnQxQldqY1VNZWpHb2hydE8zaDNSclc5QjVrTgppMnBNUVZkRFhLU25Pb3J4UlNaNHcvTHR1WnRCVGRvK1BuL09xS1ZFS2VDU28wVWpjVGFJUlR3TkdLSkloSkpsClVubGRSTVQ4aFBYY29IWlNPVG1jd3c2RmdxZktYVFc3Z09RYVVyRjR4bEFpVzFCM2tHdkZIaU4rL09Hc2NMeHkKWFhMVGZzcmZZRXNMK0VYTXVnN3VTSHpzY0xXdzQ3aDVsbE9oRldUOE9pc0RWbzViQ1pSMkRCTkpHU3dPMm1KUwowVHJ1Y05qNGtuMnB0Q1Fsc1Rrcm9Hd01pZGRQa1BQbGwzOXhHbDZmcHJVQ0o1QmtFYUtBbnlXZHVuTkx2RlVvCmw5TW1neTZ5ZTBzdWZTNG15dUZTc0txeFJqQjJPQTJleG5GNEdsTDVHNGdNdkZXK2QwamFEa0NQaktLRktuZncKTzRhaU1Ic3B4aUhlR1hWVEM4UDBHZz09Ci0tLS0tRU5EIENFUlRJRklDQVRFLS0tLS0K"
              }
            ],
            "master_authorized_networks_config": [],
            "master_version": "1.30.6-gke.1596000",
            "mesh_certificates": [],
            "min_master_version": null,
            "monitoring_config": [
              {
                "advanced_datapath_observability_config": [
                  {
                    "enable_metrics": false,
                    "relay_mode": ""
                  }
                ],
                "enable_components": [
                  "SYSTEM_COMPONENTS",
                  "STATEFULSET",
                  "STORAGE",
                  "HPA",
                  "POD",
                  "DAEMONSET",
                  "DEPLOYMENT",
                  "CADVISOR",
                  "KUBELET"
                ],
                "managed_prometheus": [
                  {
                    "enabled": true
                  }
                ]
              }
            ],
            "monitoring_service": "monitoring.googleapis.com/kubernetes",
            "name": "healthy-result-407107-mlprod-gke",
            "network": "projects/healthy-result-407107/global/networks/default",
            "network_policy": [
              {
                "enabled": false,
                "provider": "PROVIDER_UNSPECIFIED"
              }
            ],
            "networking_mode": "ROUTES",
            "node_config": [],
            "node_locations": [],
            "node_pool": [],
            "node_pool_defaults": [
              {
                "node_config_defaults": [
                  {
                    "logging_variant": "DEFAULT"
                  }
                ]
              }
            ],
            "node_version": "1.30.6-gke.1596000",
            "notification_config": [
              {
                "pubsub": [
                  {
                    "enabled": false,
                    "filter": [],
                    "topic": ""
                  }
                ]
              }
            ],
            "operation": null,
            "private_cluster_config": [
              {
                "enable_private_endpoint": false,
                "enable_private_nodes": false,
                "master_global_access_config": [
                  {
                    "enabled": false
                  }
                ],
                "master_ipv4_cidr_block": "",
                "peering_name": "",
                "private_endpoint": "10.148.0.2",
                "private_endpoint_subnetwork": "",
                "public_endpoint": "34.126.123.43"
              }
            ],
            "private_ipv6_google_access": "",
            "project": "healthy-result-407107",
            "release_channel": [
              {
                "channel": "REGULAR"
              }
            ],
            "remove_default_node_pool": true,
            "resource_labels": {},
            "resource_usage_export_config": [],
            "security_posture_config": [
              {
                "mode": "BASIC",
                "vulnerability_mode": "VULNERABILITY_MODE_UNSPECIFIED"
              }
            ],
            "self_link": "https://container.googleapis.com/v1/projects/healthy-result-407107/zones/asia-southeast1-b/clusters/healthy-result-407107-mlprod-gke",
            "service_external_ips_config": [
              {
                "enabled": false
              }
            ],
            "services_ipv4_cidr": "10.51.240.0/20",
            "subnetwork": "projects/healthy-result-407107/regions/asia-southeast1/subnetworks/default",
            "timeouts": null,
            "tpu_ipv4_cidr_block": "",
            "vertical_pod_autoscaling": [],
            "workload_identity_config": []
          },
          "sensitive_attributes": [
            [
              {
                "type": "get_attr",
                "value": "master_auth"
              },
              {
                "type": "index",
                "value": {
                  "value": 0,
                  "type": "number"
                }
              },
              {
                "type": "get_attr",
                "value": "client_key"
              }
            ]
          ],
          "private": "eyJlMmJmYjczMC1lY2FhLTExZTYtOGY4OC0zNDM2M2JjN2M0YzAiOnsiY3JlYXRlIjoyNDAwMDAwMDAwMDAwLCJkZWxldGUiOjI0MDAwMDAwMDAwMDAsInJlYWQiOjI0MDAwMDAwMDAwMDAsInVwZGF0ZSI6MzYwMDAwMDAwMDAwMH0sInNjaGVtYV92ZXJzaW9uIjoiMSJ9"
        }
      ]
    },
    {
      "mode": "managed",
      "type": "google_container_node_pool",
      "name": "mlprod-nodes",
      "provider": "provider[\"registry.terraform.io/hashicorp/google\"]",
      "instances": [
        {
          "status": "tainted",
          "schema_version": 1,
          "attributes": {
            "autoscaling": [],
            "cluster": "healthy-result-407107-mlprod-gke",
            "id": "projects/healthy-result-407107/locations/asia-southeast1-b/clusters/healthy-result-407107-mlprod-gke/nodePools/mlprod-node-pool",
            "initial_node_count": null,
            "instance_group_urls": null,
            "location": "asia-southeast1-b",
            "managed_instance_group_urls": null,
            "management": null,
            "max_pods_per_node": null,
            "name": "mlprod-node-pool",
            "name_prefix": null,
            "network_config": null,
            "node_config": [
              {
                "advanced_machine_features": [],
                "boot_disk_kms_key": "",
                "disk_size_gb": 50,
                "disk_type": "",
                "ephemeral_storage_local_ssd_config": [],
                "gcfs_config": [],
                "guest_accelerator": [],
                "gvnic": [],
                "host_maintenance_policy": [],
                "image_type": "",
                "kubelet_config": [],
                "labels": {},
                "linux_node_config": [],
                "local_nvme_ssd_block_config": [],
                "local_ssd_count": 0,
                "logging_variant": "DEFAULT",
                "machine_type": "e2-standard-2",
                "metadata": {},
                "min_cpu_platform": "",
                "node_group": "",
                "oauth_scopes": [],
                "preemptible": true,
                "reservation_affinity": [],
                "resource_labels": null,
                "service_account": "",
                "shielded_instance_config": [],
                "sole_tenant_config": [],
                "spot": false,
                "tags": null,
                "taint": [],
                "workload_metadata_config": []
              }
            ],
            "node_count": 3,
            "node_locations": [],
            "operation": null,
            "placement_policy": [],
            "project": null,
            "timeouts": null,
            "upgrade_settings": null,
            "version": null
          },
          "sensitive_attributes": [],
          "private": "eyJlMmJmYjczMC1lY2FhLTExZTYtOGY4OC0zNDM2M2JjN2M0YzAiOnsiY3JlYXRlIjoxODAwMDAwMDAwMDAwLCJkZWxldGUiOjE4MDAwMDAwMDAwMDAsInVwZGF0ZSI6MTgwMDAwMDAwMDAwMH0sInNjaGVtYV92ZXJzaW9uIjoiMSJ9",
          "dependencies": [
            "google_container_cluster.mlprod-cluster"
          ]
        }
      ]
    }
  ],
  "check_results": null
}
