{
  "version": 4,
  "terraform_version": "1.10.4",
  "serial": 6,
  "lineage": "1fdd2cee-9d5d-bc46-d25a-381e9351de46",
  "outputs": {},
  "resources": [
    {
      "mode": "managed",
      "type": "google_container_cluster",
      "name": "mlprod-cluster",
      "provider": "provider[\"registry.terraform.io/hashicorp/google\"]",
      "instances": [
        {
          "schema_version": 1,
          "attributes": {
            "addons_config": [
              {
                "cloudrun_config": [],
                "config_connector_config": [],
                "dns_cache_config": [],
                "gce_persistent_disk_csi_driver_config": [
                  {
                    "enabled": true
                  }
                ],
                "gcp_filestore_csi_driver_config": [],
                "gcs_fuse_csi_driver_config": [],
                "gke_backup_agent_config": [],
                "horizontal_pod_autoscaling": [],
                "http_load_balancing": [],
                "network_policy_config": [
                  {
                    "disabled": true
                  }
                ]
              }
            ],
            "allow_net_admin": null,
            "authenticator_groups_config": [],
            "binary_authorization": [
              {
                "enabled": false,
                "evaluation_mode": ""
              }
            ],
            "cluster_autoscaling": [
              {
                "auto_provisioning_defaults": [],
                "enabled": false,
                "resource_limits": []
              }
            ],
            "cluster_ipv4_cidr": "10.0.0.0/14",
            "confidential_nodes": [],
            "cost_management_config": [],
            "database_encryption": [
              {
                "key_name": "",
                "state": "DECRYPTED"
              }
            ],
            "datapath_provider": "",
            "default_max_pods_per_node": null,
            "default_snat_status": [
              {
                "disabled": false
              }
            ],
            "description": "",
            "dns_config": [],
            "enable_autopilot": false,
            "enable_binary_authorization": false,
            "enable_intranode_visibility": false,
            "enable_k8s_beta_apis": [],
            "enable_kubernetes_alpha": false,
            "enable_l4_ilb_subsetting": false,
            "enable_legacy_abac": false,
            "enable_shielded_nodes": true,
            "enable_tpu": false,
            "endpoint": "35.198.209.248",
            "gateway_api_config": [],
            "id": "projects/savvy-surge-448015-g4/locations/asia-southeast1-b/clusters/savvy-surge-448015-g4-mlprod-gke",
            "initial_node_count": 1,
            "ip_allocation_policy": [],
            "label_fingerprint": "a9dc16a7",
            "location": "asia-southeast1-b",
            "logging_config": [
              {
                "enable_components": [
                  "SYSTEM_COMPONENTS",
                  "WORKLOADS"
                ]
              }
            ],
            "logging_service": "logging.googleapis.com/kubernetes",
            "maintenance_policy": [],
            "master_auth": [
              {
                "client_certificate": "",
                "client_certificate_config": [
                  {
                    "issue_client_certificate": false
                  }
                ],
                "client_key": "",
                "cluster_ca_certificate": "LS0tLS1CRUdJTiBDRVJUSUZJQ0FURS0tLS0tCk1JSUVMVENDQXBXZ0F3SUJBZ0lSQU5oZXlrYVdkMVNTMjJ2OVg2YTRTV2N3RFFZSktvWklodmNOQVFFTEJRQXcKTHpFdE1Dc0dBMVVFQXhNa1ltWTBZVEF4T0dFdFl6UTVOeTAwWm1SaUxXSmlPREl0TnpRd1pEbGtPVE0wWldJegpNQ0FYRFRJMU1ERXhOekF6TkRJeE1Gb1lEekl3TlRVd01URXdNRFEwTWpFd1dqQXZNUzB3S3dZRFZRUURFeVJpClpqUmhNREU0WVMxak5EazNMVFJtWkdJdFltSTRNaTAzTkRCa09XUTVNelJsWWpNd2dnR2lNQTBHQ1NxR1NJYjMKRFFFQkFRVUFBNElCandBd2dnR0tBb0lCZ1FES2NhMmZ3V1l6Qm44YWp4cU9aTGJxMlI4S3NvVEd0aFVHSm1zWgp0dEREM2o2Z0o3cnplYkdVdkJmUGY1UllZaEQwSHZOT2VaN1hSTXVVOTE2Mmx3NXFQZW1RMGZZd05na1VvdTc0CldHdmJkOHVMRUxia0NUcU5pZzlUdExpVXZXNGROZWdwMzBRYXRpVFI2eEJyaDJZdk1kenRLYk5VSkZTWnJDOVAKNkhUS29FYlJ2MWFVOWRnWUpuL21uUC9UWUZUZVV2aVdGMnRxbWRpMTFhU0tYVklBd1dKaFFHSnVjQkk1ZWFsdgpNMEJWS0Z5NGpvamhOckFIWXM0R21Zajg3RXJwbFpsZkVjcWpvYVMzaSt3dEJmelg2VlpJTGRJSE5uUHM1Yy9yCkJJa2NEMTNTUW9Yd0hTZ2J1TW9GR2tURG9kUUFZbThrOXRtVHpoU3NEalVkcEg4MDVSOW5NeUcrQXpQendqaVkKMWhkZDBTNmx5a1pDcnlXTEJ1SWxwTDhJTitvT2lGNXo5aDZHdnEwSFhPNWV0TmQyL3BrZzFPc0N2blNwMjZXdgpKVnF4cU40Ri9qWHk0WmU3YThNTnpCWVBmanAwZkdZb2tZU2hqcHRLNHVKN2N5bWJoU01Sc29IVENQTXdFekoyCm5zSzZEYWZ0aFJwN2VOVU0zdWtBUVpmMkJ4a0NBd0VBQWFOQ01FQXdEZ1lEVlIwUEFRSC9CQVFEQWdJRU1BOEcKQTFVZEV3RUIvd1FGTUFNQkFmOHdIUVlEVlIwT0JCWUVGTmlJU0x1Rm9Ga0tCbXUxVVFybnVhNzJ3WEhjTUEwRwpDU3FHU0liM0RRRUJDd1VBQTRJQmdRQk1UR1lndmVQQ2Y3S0JuWURyWSt6dGo3cnBBTU9UUS9Kb2g1VzNkWkR3CkUxMjZYSlNNdU1tbm9yRGVSTGt3RkRrYTJ2djhWcXJsQW5jeFRycTBSWkNOYy9TeHMzUXRvRnB5ekwxOWNDck8KTkpoZHlxM2p4eU5KTnB2dzVaTVV6UXlBWTR2bmdaVkEvTWczcGJBVVlTSTVocXo3VTgxZnpubDZhRkpFbVRRSQpsQ1RrNWxxNElITHFmYTQzNW1FdTE1cXBPdk80V3dTUC9BbEppYVVaa0ZjZk1CTG9sK1pyQVdHV1ZuckQ2SVdJCnErVnNMeGdqakwrSDNzcm1HeWN0dVBDUWNRUW01eE9jN1FXaHFtUnVFbTgrUFhBRlI3Z1BFejI0c0l6ajhtMysKSHdiU2dUYk1tV0cyNWNyemZick9qMjA2S0JVUEhxZUt3ZkhWa1JSOXRPcjhjb0RlUWJnS2pDRTBFUkJKWlZxUApjcnYzMTd6VXdSQnYranFLVXFBTWx4alBCQVdjZjJ1R3FXYVc5YVVvQ2UwQUNJdU1OL2JZbGFzMlZ5amNkRWNyCnRuQXVVMGpXVEtBcFNGek1jNmNIdkVLN0lFazdTUEV2SklyMXdkQTdDYk5MNVhBYXdaKzZwRFgzZkhDZ1F5VmUKR1htNUxqWTZEQnVUOS8zNUM4cGRPWFE9Ci0tLS0tRU5EIENFUlRJRklDQVRFLS0tLS0K"
              }
            ],
            "master_authorized_networks_config": [],
            "master_version": "1.30.6-gke.1596000",
            "mesh_certificates": [],
            "min_master_version": null,
            "monitoring_config": [
              {
                "advanced_datapath_observability_config": [
                  {
                    "enable_metrics": false,
                    "relay_mode": ""
                  }
                ],
                "enable_components": [
                  "SYSTEM_COMPONENTS",
                  "DEPLOYMENT",
                  "STATEFULSET",
                  "STORAGE",
                  "HPA",
                  "POD",
                  "DAEMONSET",
                  "CADVISOR",
                  "KUBELET"
                ],
                "managed_prometheus": [
                  {
                    "enabled": true
                  }
                ]
              }
            ],
            "monitoring_service": "monitoring.googleapis.com/kubernetes",
            "name": "savvy-surge-448015-g4-mlprod-gke",
            "network": "projects/savvy-surge-448015-g4/global/networks/default",
            "network_policy": [
              {
                "enabled": false,
                "provider": "PROVIDER_UNSPECIFIED"
              }
            ],
            "networking_mode": "ROUTES",
            "node_config": [],
            "node_locations": [],
            "node_pool": [],
            "node_pool_defaults": [
              {
                "node_config_defaults": [
                  {
                    "logging_variant": "DEFAULT"
                  }
                ]
              }
            ],
            "node_version": "1.30.6-gke.1596000",
            "notification_config": [
              {
                "pubsub": [
                  {
                    "enabled": false,
                    "filter": [],
                    "topic": ""
                  }
                ]
              }
            ],
            "operation": null,
            "private_cluster_config": [
              {
                "enable_private_endpoint": false,
                "enable_private_nodes": false,
                "master_global_access_config": [
                  {
                    "enabled": false
                  }
                ],
                "master_ipv4_cidr_block": "",
                "peering_name": "",
                "private_endpoint": "10.148.0.7",
                "private_endpoint_subnetwork": "",
                "public_endpoint": "35.198.209.248"
              }
            ],
            "private_ipv6_google_access": "",
            "project": "savvy-surge-448015-g4",
            "release_channel": [
              {
                "channel": "REGULAR"
              }
            ],
            "remove_default_node_pool": true,
            "resource_labels": null,
            "resource_usage_export_config": [],
            "security_posture_config": [
              {
                "mode": "BASIC",
                "vulnerability_mode": "VULNERABILITY_MODE_UNSPECIFIED"
              }
            ],
            "self_link": "https://container.googleapis.com/v1/projects/savvy-surge-448015-g4/zones/asia-southeast1-b/clusters/savvy-surge-448015-g4-mlprod-gke",
            "service_external_ips_config": [
              {
                "enabled": false
              }
            ],
            "services_ipv4_cidr": "10.3.240.0/20",
            "subnetwork": "projects/savvy-surge-448015-g4/regions/asia-southeast1/subnetworks/default",
            "timeouts": null,
            "tpu_ipv4_cidr_block": "",
            "vertical_pod_autoscaling": [],
            "workload_identity_config": []
          },
          "sensitive_attributes": [
            [
              {
                "type": "get_attr",
                "value": "master_auth"
              },
              {
                "type": "index",
                "value": {
                  "value": 0,
                  "type": "number"
                }
              },
              {
                "type": "get_attr",
                "value": "client_key"
              }
            ]
          ],
          "private": "eyJlMmJmYjczMC1lY2FhLTExZTYtOGY4OC0zNDM2M2JjN2M0YzAiOnsiY3JlYXRlIjoyNDAwMDAwMDAwMDAwLCJkZWxldGUiOjI0MDAwMDAwMDAwMDAsInJlYWQiOjI0MDAwMDAwMDAwMDAsInVwZGF0ZSI6MzYwMDAwMDAwMDAwMH0sInNjaGVtYV92ZXJzaW9uIjoiMSJ9"
        }
      ]
    },
    {
      "mode": "managed",
      "type": "google_container_node_pool",
      "name": "mlprod-nodes",
      "provider": "provider[\"registry.terraform.io/hashicorp/google\"]",
      "instances": [
        {
          "status": "tainted",
          "schema_version": 1,
          "attributes": {
            "autoscaling": [],
            "cluster": "savvy-surge-448015-g4-mlprod-gke",
            "id": "projects/savvy-surge-448015-g4/locations/asia-southeast1-b/clusters/savvy-surge-448015-g4-mlprod-gke/nodePools/mlprod-node-pool",
            "initial_node_count": null,
            "instance_group_urls": null,
            "location": "asia-southeast1-b",
            "managed_instance_group_urls": null,
            "management": null,
            "max_pods_per_node": null,
            "name": "mlprod-node-pool",
            "name_prefix": null,
            "network_config": null,
            "node_config": [
              {
                "advanced_machine_features": [],
                "boot_disk_kms_key": "",
                "disk_size_gb": 80,
                "disk_type": "",
                "ephemeral_storage_local_ssd_config": [],
                "gcfs_config": [],
                "guest_accelerator": [],
                "gvnic": [],
                "host_maintenance_policy": [],
                "image_type": "",
                "kubelet_config": [],
                "labels": {},
                "linux_node_config": [],
                "local_nvme_ssd_block_config": [],
                "local_ssd_count": 0,
                "logging_variant": "DEFAULT",
                "machine_type": "e2-standard-4",
                "metadata": {},
                "min_cpu_platform": "",
                "node_group": "",
                "oauth_scopes": [],
                "preemptible": true,
                "reservation_affinity": [],
                "resource_labels": null,
                "service_account": "",
                "shielded_instance_config": [],
                "sole_tenant_config": [],
                "spot": false,
                "tags": null,
                "taint": [],
                "workload_metadata_config": []
              }
            ],
            "node_count": 3,
            "node_locations": [],
            "operation": null,
            "placement_policy": [],
            "project": null,
            "timeouts": null,
            "upgrade_settings": null,
            "version": null
          },
          "sensitive_attributes": [],
          "private": "eyJlMmJmYjczMC1lY2FhLTExZTYtOGY4OC0zNDM2M2JjN2M0YzAiOnsiY3JlYXRlIjoxODAwMDAwMDAwMDAwLCJkZWxldGUiOjE4MDAwMDAwMDAwMDAsInVwZGF0ZSI6MTgwMDAwMDAwMDAwMH0sInNjaGVtYV92ZXJzaW9uIjoiMSJ9",
          "dependencies": [
            "google_container_cluster.mlprod-cluster"
          ]
        }
      ]
    }
  ],
  "check_results": null
}
